{
  "version": 1,
  "dependencies": {
    ".NETStandard,Version=v2.1": {
      "MediatR.Extensions.Microsoft.DependencyInjection": {
        "type": "Direct",
        "requested": "[9.0.0, )",
        "resolved": "9.0.0",
        "contentHash": "msreY4ogiPdIRWiCQVHQDytIQpsZCLWsixWPZ+Xs86KZrvtuiV8BDHbIT0kBmogynVYWNpspb3caw+86YU8L6w==",
        "dependencies": {
          "MediatR": "9.0.0",
          "Microsoft.Extensions.DependencyInjection.Abstractions": "2.0.0"
        }
      },
      "Microsoft.Extensions.DependencyInjection.Abstractions": {
        "type": "Direct",
        "requested": "[3.1.7, )",
        "resolved": "3.1.7",
        "contentHash": "oKL2yNtTN1/cOp+cbdyv5TeLzO+GkO9B3fvbcPzKWTNCkDoH3ccYS3FWC1p4KSYe9frW4WsyfSTeM8X+xftOig=="
      },
      "MediatR": {
        "type": "Transitive",
        "resolved": "9.0.0",
        "contentHash": "8b3UYNxegHVYcJMG2zH8wn+YqxLvXG+eMfj0cMCq/jTW72p6O3PCKMkrIv0mqyxdW7bA4gblsocw7n+/9Akg5g=="
      },
      "simplesocial.domain": {
        "type": "Project"
      }
    }
  }
}