{
  "version": 1,
  "dependencies": {
    ".NETStandard,Version=v2.1": {
      "AutoMapper": {
        "type": "Direct",
        "requested": "[10.0.0, )",
        "resolved": "10.0.0",
        "contentHash": "T09NoqMZBqw0/JEauXulxnmmerl0Zj03e0r6VCcJ0LURWBIaYxZPPoiDv8bHf5Y4x2xcXJp4JPXoCaeOMJfHEA==",
        "dependencies": {
          "Microsoft.CSharp": "4.7.0",
          "System.Reflection.Emit": "4.7.0"
        }
      },
      "Microsoft.CSharp": {
        "type": "Transitive",
        "resolved": "4.7.0",
        "contentHash": "pTj+D3uJWyN3My70i2Hqo+OXixq3Os2D1nJ2x92FFo6sk8fYS1m1WLNTs0Dc1uPaViH0YvEEwvzddQ7y4rhXmA=="
      },
      "System.Reflection.Emit": {
        "type": "Transitive",
        "resolved": "4.7.0",
        "contentHash": "VR4kk8XLKebQ4MZuKuIni/7oh+QGFmZW3qORd1GvBq/8026OpW501SzT/oypwiQl4TvT8ErnReh/NzY9u+C6wQ=="
      }
    }
  }
}