
Microsoft Visual Studio Solution File, Format Version 12.00
# Visual Studio 15
VisualStudioVersion = 15.0.28010.2050
MinimumVisualStudioVersion = 10.0.40219.1
Project("{FAE04EC0-301F-11D3-BF4B-00C04F79EFBC}") = "SimpleSocial", "SimpleSocial\SimpleSocial.csproj", "{3CBF88C3-9318-450F-8FCE-4DA4C80AEFE7}"
EndProject
Project("{FAE04EC0-301F-11D3-BF4B-00C04F79EFBC}") = "SimpleSocial.Models", "SimpleSocial.Models\SimpleSocial.Models.csproj", "{BBEB5837-25B7-4461-9468-7F2FF98B2BA3}"
EndProject
Project("{FAE04EC0-301F-11D3-BF4B-00C04F79EFBC}") = "SimpleSocial.Data", "SimpleSocial.Data\SimpleSocial.Data.csproj", "{17A24EB4-140D-404D-8342-AE95CFB7342D}"
EndProject
Global
	GlobalSection(SolutionConfigurationPlatforms) = preSolution
		Debug|Any CPU = Debug|Any CPU
		Release|Any CPU = Release|Any CPU
	EndGlobalSection
	GlobalSection(ProjectConfigurationPlatforms) = postSolution
		{3CBF88C3-9318-450F-8FCE-4DA4C80AEFE7}.Debug|Any CPU.ActiveCfg = Debug|Any CPU
		{3CBF88C3-9318-450F-8FCE-4DA4C80AEFE7}.Debug|Any CPU.Build.0 = Debug|Any CPU
		{3CBF88C3-9318-450F-8FCE-4DA4C80AEFE7}.Release|Any CPU.ActiveCfg = Release|Any CPU
		{3CBF88C3-9318-450F-8FCE-4DA4C80AEFE7}.Release|Any CPU.Build.0 = Release|Any CPU
		{BBEB5837-25B7-4461-9468-7F2FF98B2BA3}.Debug|Any CPU.ActiveCfg = Debug|Any CPU
		{BBEB5837-25B7-4461-9468-7F2FF98B2BA3}.Debug|Any CPU.Build.0 = Debug|Any CPU
		{BBEB5837-25B7-4461-9468-7F2FF98B2BA3}.Release|Any CPU.ActiveCfg = Release|Any CPU
		{BBEB5837-25B7-4461-9468-7F2FF98B2BA3}.Release|Any CPU.Build.0 = Release|Any CPU
		{17A24EB4-140D-404D-8342-AE95CFB7342D}.Debug|Any CPU.ActiveCfg = Debug|Any CPU
		{17A24EB4-140D-404D-8342-AE95CFB7342D}.Debug|Any CPU.Build.0 = Debug|Any CPU
		{17A24EB4-140D-404D-8342-AE95CFB7342D}.Release|Any CPU.ActiveCfg = Release|Any CPU
		{17A24EB4-140D-404D-8342-AE95CFB7342D}.Release|Any CPU.Build.0 = Release|Any CPU
	EndGlobalSection
	GlobalSection(SolutionProperties) = preSolution
		HideSolutionNode = FALSE
	EndGlobalSection
	GlobalSection(ExtensibilityGlobals) = postSolution
		SolutionGuid = {27019EF0-9251-4200-ADCE-0DD26D3144A4}
	EndGlobalSection
EndGlobal
