{
  "version": 1,
  "dependencies": {
    ".NETStandard,Version=v2.1": {
      "Microsoft.AspNetCore.Identity": {
        "type": "Direct",
        "requested": "[2.2.0, )",
        "resolved": "2.2.0",
        "contentHash": "F16BKeS96wKhyIyhaFR7m8kRIwIvPUW9Dx7IlGWmu2IIwnUDCdo+2z7IrWKA8r77pZQ1UE9kYcBPg5456YdAIA==",
        "dependencies": {
          "Microsoft.AspNetCore.Authentication.Cookies": "2.2.0",
          "Microsoft.AspNetCore.Cryptography.KeyDerivation": "2.2.0",
          "Microsoft.AspNetCore.Hosting.Abstractions": "2.2.0",
          "Microsoft.Extensions.Identity.Core": "2.2.0"
        }
      },
      "Microsoft.AspNetCore.Identity.EntityFrameworkCore": {
        "type": "Direct",
        "requested": "[3.1.7, )",
        "resolved": "3.1.7",
        "contentHash": "cCfc4scygCgSIh0KFeBytnO7IWPxh99irOcrrJnX+p9pk//rp8/XUwRU5kh5OZBwmgB245uqKKuBMckR1lvnFQ==",
        "dependencies": {
          "Microsoft.EntityFrameworkCore.Relational": "3.1.7",
          "Microsoft.Extensions.Identity.Stores": "3.1.7"
        }
      },
      "AutoMapper": {
        "type": "Transitive",
        "resolved": "9.0.0",
        "contentHash": "xCqvoxT4HIrNY/xlXG9W+BA/awdrhWvMTKTK/igkGSRbhOhpl3Q8O8Gxlhzjc9JsYqE7sS6AxgyuUUvZ6R5/Bw==",
        "dependencies": {
          "Microsoft.CSharp": "4.5.0",
          "System.Reflection.Emit": "4.3.0"
        }
      },
      "Microsoft.AspNetCore.Authentication": {
        "type": "Transitive",
        "resolved": "2.2.0",
        "contentHash": "b0R9X7L6zMqNsssKDvhYHuNi5x0s4DyHTeXybIAyGaitKiW1Q5aAGKdV2codHPiePv9yHfC9hAMyScXQ/xXhPw==",
        "dependencies": {
          "Microsoft.AspNetCore.Authentication.Core": "2.2.0",
          "Microsoft.AspNetCore.DataProtection": "2.2.0",
          "Microsoft.AspNetCore.Http": "2.2.0",
          "Microsoft.AspNetCore.Http.Extensions": "2.2.0",
          "Microsoft.Extensions.Logging.Abstractions": "2.2.0",
          "Microsoft.Extensions.Options": "2.2.0",
          "Microsoft.Extensions.WebEncoders": "2.2.0"
        }
      },
      "Microsoft.AspNetCore.Authentication.Abstractions": {
        "type": "Transitive",
        "resolved": "2.2.0",
        "contentHash": "VloMLDJMf3n/9ic5lCBOa42IBYJgyB1JhzLsL68Zqg+2bEPWfGBj/xCJy/LrKTArN0coOcZp3wyVTZlx0y9pHQ==",
        "dependencies": {
          "Microsoft.AspNetCore.Http.Abstractions": "2.2.0",
          "Microsoft.Extensions.Logging.Abstractions": "2.2.0",
          "Microsoft.Extensions.Options": "2.2.0"
        }
      },
      "Microsoft.AspNetCore.Authentication.Cookies": {
        "type": "Transitive",
        "resolved": "2.2.0",
        "contentHash": "Iar9VFlBHkZGdSG9ZUTmn6Q8Qg+6CtW5G/TyJI2F8B432TOH+nZlkU7O0W0byow6xsxqOYeTviSHz4cCJ3amfQ==",
        "dependencies": {
          "Microsoft.AspNetCore.Authentication": "2.2.0"
        }
      },
      "Microsoft.AspNetCore.Authentication.Core": {
        "type": "Transitive",
        "resolved": "2.2.0",
        "contentHash": "XlVJzJ5wPOYW+Y0J6Q/LVTEyfS4ssLXmt60T0SPP+D8abVhBTl+cgw2gDHlyKYIkcJg7btMVh383NDkMVqD/fg==",
        "dependencies": {
          "Microsoft.AspNetCore.Authentication.Abstractions": "2.2.0",
          "Microsoft.AspNetCore.Http": "2.2.0",
          "Microsoft.AspNetCore.Http.Extensions": "2.2.0"
        }
      },
      "Microsoft.AspNetCore.Cryptography.Internal": {
        "type": "Transitive",
        "resolved": "3.1.7",
        "contentHash": "LMBt5v6poGqKqPJk6w5awsKqr9QJw2j+UN2yNukZ4/zRfveuYon58xBcc+xg9p/c2BzPs940PzEbrXfaZhpC+g=="
      },
      "Microsoft.AspNetCore.Cryptography.KeyDerivation": {
        "type": "Transitive",
        "resolved": "3.1.7",
        "contentHash": "gQHXWNKWpTsU9RW3tSlPXzNKSr6ZgA0ldc3bKpJyHuJhB6YolEdx7/KPAxWk7vENdeovKf5ZMbzy0csUIoQVtw==",
        "dependencies": {
          "Microsoft.AspNetCore.Cryptography.Internal": "3.1.7"
        }
      },
      "Microsoft.AspNetCore.DataProtection": {
        "type": "Transitive",
        "resolved": "2.2.0",
        "contentHash": "G6dvu5Nd2vjpYbzazZ//qBFbSEf2wmBUbyAR7E4AwO3gWjhoJD5YxpThcGJb7oE3VUcW65SVMXT+cPCiiBg8Sg==",
        "dependencies": {
          "Microsoft.AspNetCore.Cryptography.Internal": "2.2.0",
          "Microsoft.AspNetCore.DataProtection.Abstractions": "2.2.0",
          "Microsoft.AspNetCore.Hosting.Abstractions": "2.2.0",
          "Microsoft.Extensions.DependencyInjection.Abstractions": "2.2.0",
          "Microsoft.Extensions.Logging.Abstractions": "2.2.0",
          "Microsoft.Extensions.Options": "2.2.0",
          "Microsoft.Win32.Registry": "4.5.0",
          "System.Security.Cryptography.Xml": "4.5.0",
          "System.Security.Principal.Windows": "4.5.0"
        }
      },
      "Microsoft.AspNetCore.DataProtection.Abstractions": {
        "type": "Transitive",
        "resolved": "2.2.0",
        "contentHash": "seANFXmp8mb5Y12m1ShiElJ3ZdOT3mBN3wA1GPhHJIvZ/BxOCPyqEOR+810OWsxEZwA5r5fDRNpG/CqiJmQnJg=="
      },
      "Microsoft.AspNetCore.Hosting.Abstractions": {
        "type": "Transitive",
        "resolved": "2.2.0",
        "contentHash": "ubycklv+ZY7Kutdwuy1W4upWcZ6VFR8WUXU7l7B2+mvbDBBPAcfpi+E+Y5GFe+Q157YfA3C49D2GCjAZc7Mobw==",
        "dependencies": {
          "Microsoft.AspNetCore.Hosting.Server.Abstractions": "2.2.0",
          "Microsoft.AspNetCore.Http.Abstractions": "2.2.0",
          "Microsoft.Extensions.Hosting.Abstractions": "2.2.0"
        }
      },
      "Microsoft.AspNetCore.Hosting.Server.Abstractions": {
        "type": "Transitive",
        "resolved": "2.2.0",
        "contentHash": "1PMijw8RMtuQF60SsD/JlKtVfvh4NORAhF4wjysdABhlhTrYmtgssqyncR0Stq5vqtjplZcj6kbT4LRTglt9IQ==",
        "dependencies": {
          "Microsoft.AspNetCore.Http.Features": "2.2.0",
          "Microsoft.Extensions.Configuration.Abstractions": "2.2.0"
        }
      },
      "Microsoft.AspNetCore.Http": {
        "type": "Transitive",
        "resolved": "2.2.0",
        "contentHash": "YogBSMotWPAS/X5967pZ+yyWPQkThxhmzAwyCHCSSldzYBkW5W5d6oPfBaPqQOnSHYTpSOSOkpZoAce0vwb6+A==",
        "dependencies": {
          "Microsoft.AspNetCore.Http.Abstractions": "2.2.0",
          "Microsoft.AspNetCore.WebUtilities": "2.2.0",
          "Microsoft.Extensions.ObjectPool": "2.2.0",
          "Microsoft.Extensions.Options": "2.2.0",
          "Microsoft.Net.Http.Headers": "2.2.0"
        }
      },
      "Microsoft.AspNetCore.Http.Abstractions": {
        "type": "Transitive",
        "resolved": "2.2.0",
        "contentHash": "Nxs7Z1q3f1STfLYKJSVXCs1iBl+Ya6E8o4Oy1bCxJ/rNI44E/0f6tbsrVqAWfB7jlnJfyaAtIalBVxPKUPQb4Q==",
        "dependencies": {
          "Microsoft.AspNetCore.Http.Features": "2.2.0",
          "System.Text.Encodings.Web": "4.5.0"
        }
      },
      "Microsoft.AspNetCore.Http.Extensions": {
        "type": "Transitive",
        "resolved": "2.2.0",
        "contentHash": "2DgZ9rWrJtuR7RYiew01nGRzuQBDaGHGmK56Rk54vsLLsCdzuFUPqbDTJCS1qJQWTbmbIQ9wGIOjpxA1t0l7/w==",
        "dependencies": {
          "Microsoft.AspNetCore.Http.Abstractions": "2.2.0",
          "Microsoft.Extensions.FileProviders.Abstractions": "2.2.0",
          "Microsoft.Net.Http.Headers": "2.2.0",
          "System.Buffers": "4.5.0"
        }
      },
      "Microsoft.AspNetCore.Http.Features": {
        "type": "Transitive",
        "resolved": "2.2.0",
        "contentHash": "ziFz5zH8f33En4dX81LW84I6XrYXKf9jg6aM39cM+LffN9KJahViKZ61dGMSO2gd3e+qe5yBRwsesvyqlZaSMg==",
        "dependencies": {
          "Microsoft.Extensions.Primitives": "2.2.0"
        }
      },
      "Microsoft.AspNetCore.WebUtilities": {
        "type": "Transitive",
        "resolved": "2.2.0",
        "contentHash": "9ErxAAKaDzxXASB/b5uLEkLgUWv1QbeVxyJYEHQwMaxXOeFFVkQxiq8RyfVcifLU7NR0QY0p3acqx4ZpYfhHDg==",
        "dependencies": {
          "Microsoft.Net.Http.Headers": "2.2.0",
          "System.Text.Encodings.Web": "4.5.0"
        }
      },
      "Microsoft.Bcl.AsyncInterfaces": {
        "type": "Transitive",
        "resolved": "1.1.1",
        "contentHash": "yuvf07qFWFqtK3P/MRkEKLhn5r2UbSpVueRziSqj0yJQIKFwG1pq9mOayK3zE5qZCTs0CbrwL9M6R8VwqyGy2w==",
        "dependencies": {
          "System.Threading.Tasks.Extensions": "4.5.4"
        }
      },
      "Microsoft.Bcl.HashCode": {
        "type": "Transitive",
        "resolved": "1.1.0",
        "contentHash": "J2G1k+u5unBV+aYcwxo94ip16Rkp65pgWFb0R6zwJipzWNMgvqlWeuI7/+R+e8bob66LnSG+llLJ+z8wI94cHg=="
      },
      "Microsoft.CSharp": {
        "type": "Transitive",
        "resolved": "4.5.0",
        "contentHash": "kaj6Wb4qoMuH3HySFJhxwQfe8R/sJsNJnANrvv8WdFPMoNbKY5htfNscv+LHCu5ipz+49m2e+WQXpLXr9XYemQ=="
      },
      "Microsoft.EntityFrameworkCore": {
        "type": "Transitive",
        "resolved": "3.1.7",
        "contentHash": "u0MXvEkUwXd/JPzuWcSn4Bvx65FrDsn0GJV/tN4kjoZdVcKkXgbDG+RZM9BMGgK77NXmhx9Osy35fujmS3otyA==",
        "dependencies": {
          "Microsoft.Bcl.AsyncInterfaces": "1.1.1",
          "Microsoft.Bcl.HashCode": "1.1.0",
          "Microsoft.EntityFrameworkCore.Abstractions": "3.1.7",
          "Microsoft.EntityFrameworkCore.Analyzers": "3.1.7",
          "Microsoft.Extensions.Caching.Memory": "3.1.7",
          "Microsoft.Extensions.DependencyInjection": "3.1.7",
          "Microsoft.Extensions.Logging": "3.1.7",
          "System.Collections.Immutable": "1.7.1",
          "System.ComponentModel.Annotations": "4.7.0",
          "System.Diagnostics.DiagnosticSource": "4.7.1"
        }
      },
      "Microsoft.EntityFrameworkCore.Abstractions": {
        "type": "Transitive",
        "resolved": "3.1.7",
        "contentHash": "Dx2aGjTKPq49nMYl8t9Lq9XgZJOSIsIQE7lOCThVyHHAYgZrkc8NRgzE/PLGfUO4tfyNSImkXlyF98DBAXI5fw=="
      },
      "Microsoft.EntityFrameworkCore.Analyzers": {
        "type": "Transitive",
        "resolved": "3.1.7",
        "contentHash": "zSh3QF/Kz8fdVgyStQ1HYUGFDRqFbUR1UBpfa8tUuB0OutYab9R4aYdjkD8i9w9P5VZyHXqQNglh2cQHBFLtjg=="
      },
      "Microsoft.EntityFrameworkCore.Relational": {
        "type": "Transitive",
        "resolved": "3.1.7",
        "contentHash": "XLzwdgHPq5QgcmPZkkAso+SSW/tQqPD/iGaZv+fhl7lCb7VTPsjGE0BiPG9xiUP7OR+tlKNDffSzKimElZMaqA==",
        "dependencies": {
          "Microsoft.EntityFrameworkCore": "3.1.7"
        }
      },
      "Microsoft.Extensions.Caching.Abstractions": {
        "type": "Transitive",
        "resolved": "3.1.7",
        "contentHash": "Uj/0fmq7FWi7B7RfLkn2UJE1SThJ60mOlChx9P5nRjP/EbeYNm+LoyiOr6yPhDsArwHttKyun18TXXJ2C9EE/g==",
        "dependencies": {
          "Microsoft.Extensions.Primitives": "3.1.7"
        }
      },
      "Microsoft.Extensions.Caching.Memory": {
        "type": "Transitive",
        "resolved": "3.1.7",
        "contentHash": "EvNcJWk0KKSqyXefiUTgF5D94r40rmmtAvo5/yhy7u5/CtRjqyN7wQBSKz2ezWlu5vbuMGyaMktANgkk4kEkaw==",
        "dependencies": {
          "Microsoft.Extensions.Caching.Abstractions": "3.1.7",
          "Microsoft.Extensions.DependencyInjection.Abstractions": "3.1.7",
          "Microsoft.Extensions.Logging.Abstractions": "3.1.7",
          "Microsoft.Extensions.Options": "3.1.7"
        }
      },
      "Microsoft.Extensions.Configuration": {
        "type": "Transitive",
        "resolved": "3.1.7",
        "contentHash": "JCVsQYNZNGeLXWMw6tkCZ8Wa2IQKF9AiLKeq9Ff2XvGJTMzhYEHAzF/FvHdeBBhPiOf+Kl1t6mdcHL93kUz6MA==",
        "dependencies": {
          "Microsoft.Extensions.Configuration.Abstractions": "3.1.7"
        }
      },
      "Microsoft.Extensions.Configuration.Abstractions": {
        "type": "Transitive",
        "resolved": "3.1.7",
        "contentHash": "WJEbrrIgly95D9rM8Gwr4w8sbYla6/iOcCZ0UE7+Qg/Q8NnQJwAJ60Lq1A26zbNE8Fm1fkbGU90LDl8e+BoRSQ==",
        "dependencies": {
          "Microsoft.Extensions.Primitives": "3.1.7"
        }
      },
      "Microsoft.Extensions.Configuration.Binder": {
        "type": "Transitive",
        "resolved": "3.1.7",
        "contentHash": "FYQ64i7DwYO6XDdOFi+VkoRDDzel570I+X/vTYt6mVJWNj1SAstXwZ71P5d6P2Cei+cT950NiScOwj4F8EUeTA==",
        "dependencies": {
          "Microsoft.Extensions.Configuration": "3.1.7"
        }
      },
      "Microsoft.Extensions.DependencyInjection": {
        "type": "Transitive",
        "resolved": "3.1.7",
        "contentHash": "yp38AFc5tJQZkjINjXBcxq+dANU06lo27D84duitZthtRPsgKJL87uf9RWRsDdRsWd+kXflmdMWFLKFjyKx6Pw==",
        "dependencies": {
          "Microsoft.Extensions.DependencyInjection.Abstractions": "3.1.7"
        }
      },
      "Microsoft.Extensions.DependencyInjection.Abstractions": {
        "type": "Transitive",
        "resolved": "3.1.7",
        "contentHash": "oKL2yNtTN1/cOp+cbdyv5TeLzO+GkO9B3fvbcPzKWTNCkDoH3ccYS3FWC1p4KSYe9frW4WsyfSTeM8X+xftOig=="
      },
      "Microsoft.Extensions.FileProviders.Abstractions": {
        "type": "Transitive",
        "resolved": "2.2.0",
        "contentHash": "EcnaSsPTqx2MGnHrmWOD0ugbuuqVT8iICqSqPzi45V5/MA1LjUNb0kwgcxBGqizV1R+WeBK7/Gw25Jzkyk9bIw==",
        "dependencies": {
          "Microsoft.Extensions.Primitives": "2.2.0"
        }
      },
      "Microsoft.Extensions.Hosting.Abstractions": {
        "type": "Transitive",
        "resolved": "2.2.0",
        "contentHash": "+k4AEn68HOJat5gj1TWa6X28WlirNQO9sPIIeQbia+91n03esEtMSSoekSTpMjUzjqtJWQN3McVx0GvSPFHF/Q==",
        "dependencies": {
          "Microsoft.Extensions.Configuration.Abstractions": "2.2.0",
          "Microsoft.Extensions.DependencyInjection.Abstractions": "2.2.0",
          "Microsoft.Extensions.FileProviders.Abstractions": "2.2.0",
          "Microsoft.Extensions.Logging.Abstractions": "2.2.0"
        }
      },
      "Microsoft.Extensions.Identity.Core": {
        "type": "Transitive",
        "resolved": "3.1.7",
        "contentHash": "latwrJiwW5XZpSLpz7NQly8ayyZiUGrwP7E4d03tNEJMlNRprhZs6s5oEXyt4/xA3dYv6E1PLZzJD+2jegRAjQ==",
        "dependencies": {
          "Microsoft.AspNetCore.Cryptography.KeyDerivation": "3.1.7",
          "Microsoft.Extensions.Logging": "3.1.7",
          "Microsoft.Extensions.Options": "3.1.7"
        }
      },
      "Microsoft.Extensions.Identity.Stores": {
        "type": "Transitive",
        "resolved": "3.1.7",
        "contentHash": "zoevvHX1/3z7P7oQExiwoRAw+FWf2ggHUnbPbZ27OnrNNDUQHIeswfk28KGww2yfxrdVsRKCdIuPFmFWsISYog==",
        "dependencies": {
          "Microsoft.Extensions.Caching.Abstractions": "3.1.7",
          "Microsoft.Extensions.Identity.Core": "3.1.7",
          "Microsoft.Extensions.Logging": "3.1.7"
        }
      },
      "Microsoft.Extensions.Logging": {
        "type": "Transitive",
        "resolved": "3.1.7",
        "contentHash": "p68Hvr8S+t+bGUeXRX6wcjlkK961w0YRXWy8O6pkTsucdNpnzB8mwLIgcnQ7oj0biw8S1Ftv4PREzPIwo1UwpA==",
        "dependencies": {
          "Microsoft.Extensions.Configuration.Binder": "3.1.7",
          "Microsoft.Extensions.DependencyInjection": "3.1.7",
          "Microsoft.Extensions.Logging.Abstractions": "3.1.7",
          "Microsoft.Extensions.Options": "3.1.7"
        }
      },
      "Microsoft.Extensions.Logging.Abstractions": {
        "type": "Transitive",
        "resolved": "3.1.7",
        "contentHash": "oD7LQbMuaqq/yAz8PKX0hl4+H/vDFTQHo8rxbKB36P1/bG8FG7JUVKBoHkSt1MaJUtgyiHrH1AlAhaucKUKyEg=="
      },
      "Microsoft.Extensions.ObjectPool": {
        "type": "Transitive",
        "resolved": "2.2.0",
        "contentHash": "gA8H7uQOnM5gb+L0uTNjViHYr+hRDqCdfugheGo/MxQnuHzmhhzCBTIPm19qL1z1Xe0NEMabfcOBGv9QghlZ8g=="
      },
      "Microsoft.Extensions.Options": {
        "type": "Transitive",
        "resolved": "3.1.7",
        "contentHash": "O5TXu1D79hbaZuKCIK4mswSP86MtmiIQjuOZnVhPdbjOVILsoQwZUtnmU2xRfX1E0QWuFEI0umhw3mDDn6dNHw==",
        "dependencies": {
          "Microsoft.Extensions.DependencyInjection.Abstractions": "3.1.7",
          "Microsoft.Extensions.Primitives": "3.1.7",
          "System.ComponentModel.Annotations": "4.7.0"
        }
      },
      "Microsoft.Extensions.Primitives": {
        "type": "Transitive",
        "resolved": "3.1.7",
        "contentHash": "sa17s3vDAXTuIVGxuJcK713i0B0iaUoiwY4Sl2SLHhMqM8snznn0YVGiZAVkoKEUFWjvIg1Z/JNmAicBamI4mg==",
        "dependencies": {
          "System.Memory": "4.5.2",
          "System.Runtime.CompilerServices.Unsafe": "4.7.1"
        }
      },
      "Microsoft.Extensions.WebEncoders": {
        "type": "Transitive",
        "resolved": "2.2.0",
        "contentHash": "V8XcqYcpcdBAxUhLeyYcuKmxu4CtNQA9IphTnARpQGhkop4A93v2XgM3AtaVVJo3H2cDWxWM6aeO8HxkifREqw==",
        "dependencies": {
          "Microsoft.Extensions.DependencyInjection.Abstractions": "2.2.0",
          "Microsoft.Extensions.Options": "2.2.0",
          "System.Text.Encodings.Web": "4.5.0"
        }
      },
      "Microsoft.Net.Http.Headers": {
        "type": "Transitive",
        "resolved": "2.2.0",
        "contentHash": "iZNkjYqlo8sIOI0bQfpsSoMTmB/kyvmV2h225ihyZT33aTp48ZpF6qYnXxzSXmHt8DpBAwBTX+1s1UFLbYfZKg==",
        "dependencies": {
          "Microsoft.Extensions.Primitives": "2.2.0",
          "System.Buffers": "4.5.0"
        }
      },
      "Microsoft.NETCore.Platforms": {
        "type": "Transitive",
        "resolved": "1.1.0",
        "contentHash": "kz0PEW2lhqygehI/d6XsPCQzD7ff7gUJaVGPVETX611eadGsA3A877GdSlU0LRVMCTH/+P3o2iDTak+S08V2+A=="
      },
      "Microsoft.NETCore.Targets": {
        "type": "Transitive",
        "resolved": "1.1.0",
        "contentHash": "aOZA3BWfz9RXjpzt0sRJJMjAscAUm3Hoa4UWAfceV9UTYxgwZ1lZt5nO2myFf+/jetYQo4uTP7zS8sJY67BBxg=="
      },
      "Microsoft.Win32.Registry": {
        "type": "Transitive",
        "resolved": "4.5.0",
        "contentHash": "+FWlwd//+Tt56316p00hVePBCouXyEzT86Jb3+AuRotTND0IYn0OO3obs1gnQEs/txEnt+rF2JBGLItTG+Be6A==",
        "dependencies": {
          "System.Buffers": "4.4.0",
          "System.Memory": "4.5.0",
          "System.Security.AccessControl": "4.5.0",
          "System.Security.Principal.Windows": "4.5.0"
        }
      },
      "System.Buffers": {
        "type": "Transitive",
        "resolved": "4.5.1",
        "contentHash": "Rw7ijyl1qqRS0YQD/WycNst8hUUMgrMH4FCn1nNm27M4VxchZ1js3fVjQaANHO5f3sN4isvP4a+Met9Y4YomAg=="
      },
      "System.Collections.Immutable": {
        "type": "Transitive",
        "resolved": "1.7.1",
        "contentHash": "B43Zsz5EfMwyEbnObwRxW5u85fzJma3lrDeGcSAV1qkhSRTNY5uXAByTn9h9ddNdhM+4/YoLc/CI43umjwIl9Q==",
        "dependencies": {
          "System.Memory": "4.5.4"
        }
      },
      "System.ComponentModel.Annotations": {
        "type": "Transitive",
        "resolved": "4.7.0",
        "contentHash": "0YFqjhp/mYkDGpU0Ye1GjE53HMp9UVfGN7seGpAMttAC0C40v5gw598jCgpbBLMmCo0E5YRLBv5Z2doypO49ZQ=="
      },
      "System.Diagnostics.DiagnosticSource": {
        "type": "Transitive",
        "resolved": "4.7.1",
        "contentHash": "j81Lovt90PDAq8kLpaJfJKV/rWdWuEk6jfV+MBkee33vzYLEUsy4gXK8laa9V2nZlLM9VM9yA/OOQxxPEJKAMw==",
        "dependencies": {
          "System.Memory": "4.5.4"
        }
      },
      "System.IO": {
        "type": "Transitive",
        "resolved": "4.3.0",
        "contentHash": "3qjaHvxQPDpSOYICjUoTsmoq5u6QJAFRUITgeT/4gqkF1bajbSmb1kwSxEA8AHlofqgcKJcM8udgieRNhaJ5Cg==",
        "dependencies": {
          "Microsoft.NETCore.Platforms": "1.1.0",
          "Microsoft.NETCore.Targets": "1.1.0",
          "System.Runtime": "4.3.0",
          "System.Text.Encoding": "4.3.0",
          "System.Threading.Tasks": "4.3.0"
        }
      },
      "System.Memory": {
        "type": "Transitive",
        "resolved": "4.5.4",
        "contentHash": "1MbJTHS1lZ4bS4FmsJjnuGJOu88ZzTT2rLvrhW7Ygic+pC0NWA+3hgAen0HRdsocuQXCkUTdFn9yHJJhsijDXw==",
        "dependencies": {
          "System.Buffers": "4.5.1",
          "System.Numerics.Vectors": "4.4.0",
          "System.Runtime.CompilerServices.Unsafe": "4.5.3"
        }
      },
      "System.Numerics.Vectors": {
        "type": "Transitive",
        "resolved": "4.4.0",
        "contentHash": "UiLzLW+Lw6HLed1Hcg+8jSRttrbuXv7DANVj0DkL9g6EnnzbL75EB7EWsw5uRbhxd/4YdG8li5XizGWepmG3PQ=="
      },
      "System.Reflection": {
        "type": "Transitive",
        "resolved": "4.3.0",
        "contentHash": "KMiAFoW7MfJGa9nDFNcfu+FpEdiHpWgTcS2HdMpDvt9saK3y/G4GwprPyzqjFH9NTaGPQeWNHU+iDlDILj96aQ==",
        "dependencies": {
          "Microsoft.NETCore.Platforms": "1.1.0",
          "Microsoft.NETCore.Targets": "1.1.0",
          "System.IO": "4.3.0",
          "System.Reflection.Primitives": "4.3.0",
          "System.Runtime": "4.3.0"
        }
      },
      "System.Reflection.Emit": {
        "type": "Transitive",
        "resolved": "4.3.0",
        "contentHash": "228FG0jLcIwTVJyz8CLFKueVqQK36ANazUManGaJHkO0icjiIypKW7YLWLIWahyIkdh5M7mV2dJepllLyA1SKg==",
        "dependencies": {
          "System.IO": "4.3.0",
          "System.Reflection": "4.3.0",
          "System.Reflection.Emit.ILGeneration": "4.3.0",
          "System.Reflection.Primitives": "4.3.0",
          "System.Runtime": "4.3.0"
        }
      },
      "System.Reflection.Emit.ILGeneration": {
        "type": "Transitive",
        "resolved": "4.3.0",
        "contentHash": "59tBslAk9733NXLrUJrwNZEzbMAcu8k344OYo+wfSVygcgZ9lgBdGIzH/nrg3LYhXceynyvTc8t5/GD4Ri0/ng==",
        "dependencies": {
          "System.Reflection": "4.3.0",
          "System.Reflection.Primitives": "4.3.0",
          "System.Runtime": "4.3.0"
        }
      },
      "System.Reflection.Primitives": {
        "type": "Transitive",
        "resolved": "4.3.0",
        "contentHash": "5RXItQz5As4xN2/YUDxdpsEkMhvw3e6aNveFXUn4Hl/udNTCNhnKp8lT9fnc3MhvGKh1baak5CovpuQUXHAlIA==",
        "dependencies": {
          "Microsoft.NETCore.Platforms": "1.1.0",
          "Microsoft.NETCore.Targets": "1.1.0",
          "System.Runtime": "4.3.0"
        }
      },
      "System.Runtime": {
        "type": "Transitive",
        "resolved": "4.3.0",
        "contentHash": "JufQi0vPQ0xGnAczR13AUFglDyVYt4Kqnz1AZaiKZ5+GICq0/1MH/mO/eAJHt/mHW1zjKBJd7kV26SrxddAhiw==",
        "dependencies": {
          "Microsoft.NETCore.Platforms": "1.1.0",
          "Microsoft.NETCore.Targets": "1.1.0"
        }
      },
      "System.Runtime.CompilerServices.Unsafe": {
        "type": "Transitive",
        "resolved": "4.7.1",
        "contentHash": "zOHkQmzPCn5zm/BH+cxC1XbUS3P4Yoi3xzW7eRgVpDR2tPGSzyMZ17Ig1iRkfJuY0nhxkQQde8pgePNiA7z7TQ=="
      },
      "System.Security.AccessControl": {
        "type": "Transitive",
        "resolved": "4.5.0",
        "contentHash": "vW8Eoq0TMyz5vAG/6ce483x/CP83fgm4SJe5P8Tb1tZaobcvPrbMEL7rhH1DRdrYbbb6F0vq3OlzmK0Pkwks5A==",
        "dependencies": {
          "System.Security.Principal.Windows": "4.5.0"
        }
      },
      "System.Security.Cryptography.Cng": {
        "type": "Transitive",
        "resolved": "4.4.0",
        "contentHash": "3d/d+7sdNpfYfqJFzuE/o6Pl/reaMbH7rlUMNvtm4+XVYHY32tdFa45yjB3vhb6q0YY+IV8GUuiBPRsBFP3yaw=="
      },
      "System.Security.Cryptography.Pkcs": {
        "type": "Transitive",
        "resolved": "4.5.0",
        "contentHash": "TGQX51gxpY3K3I6LJlE2LAftVlIMqJf0cBGhz68Y89jjk3LJCB6SrwiD+YN1fkqemBvWGs+GjyMJukl6d6goyQ==",
        "dependencies": {
          "System.Buffers": "4.4.0",
          "System.Memory": "4.5.0",
          "System.Security.Cryptography.Cng": "4.4.0"
        }
      },
      "System.Security.Cryptography.Xml": {
        "type": "Transitive",
        "resolved": "4.5.0",
        "contentHash": "i2Jn6rGXR63J0zIklImGRkDIJL4b1NfPSEbIVHBlqoIb12lfXIigCbDRpDmIEzwSo/v1U5y/rYJdzZYSyCWxvg==",
        "dependencies": {
          "System.Security.Cryptography.Pkcs": "4.5.0",
          "System.Security.Permissions": "4.5.0"
        }
      },
      "System.Security.Permissions": {
        "type": "Transitive",
        "resolved": "4.5.0",
        "contentHash": "9gdyuARhUR7H+p5CjyUB/zPk7/Xut3wUSP8NJQB6iZr8L3XUXTMdoLeVAg9N4rqF8oIpE7MpdqHdDHQ7XgJe0g==",
        "dependencies": {
          "System.Security.AccessControl": "4.5.0"
        }
      },
      "System.Security.Principal.Windows": {
        "type": "Transitive",
        "resolved": "4.5.0",
        "contentHash": "U77HfRXlZlOeIXd//Yoj6Jnk8AXlbeisf1oq1os+hxOGVnuG+lGSfGqTwTZBoORFF6j/0q7HXIl8cqwQ9aUGqQ=="
      },
      "System.Text.Encoding": {
        "type": "Transitive",
        "resolved": "4.3.0",
        "contentHash": "BiIg+KWaSDOITze6jGQynxg64naAPtqGHBwDrLaCtixsa5bKiR8dpPOHA7ge3C0JJQizJE+sfkz1wV+BAKAYZw==",
        "dependencies": {
          "Microsoft.NETCore.Platforms": "1.1.0",
          "Microsoft.NETCore.Targets": "1.1.0",
          "System.Runtime": "4.3.0"
        }
      },
      "System.Text.Encodings.Web": {
        "type": "Transitive",
        "resolved": "4.5.0",
        "contentHash": "Xg4G4Indi4dqP1iuAiMSwpiWS54ZghzR644OtsRCm/m/lBMG8dUBhLVN7hLm8NNrNTR+iGbshCPTwrvxZPlm4g=="
      },
      "System.Threading.Tasks": {
        "type": "Transitive",
        "resolved": "4.3.0",
        "contentHash": "LbSxKEdOUhVe8BezB/9uOGGppt+nZf6e1VFyw6v3DN6lqitm0OSn2uXMOdtP0M3W4iMcqcivm2J6UgqiwwnXiA==",
        "dependencies": {
          "Microsoft.NETCore.Platforms": "1.1.0",
          "Microsoft.NETCore.Targets": "1.1.0",
          "System.Runtime": "4.3.0"
        }
      },
      "System.Threading.Tasks.Extensions": {
        "type": "Transitive",
        "resolved": "4.5.4",
        "contentHash": "zteT+G8xuGu6mS+mzDzYXbzS7rd3K6Fjb9RiZlYlJPam2/hU7JCBZBVEcywNuR+oZ1ncTvc/cq0faRr3P01OVg==",
        "dependencies": {
          "System.Runtime.CompilerServices.Unsafe": "4.5.3"
        }
      },
      "simplesocial.services.mapping": {
        "type": "Project",
        "dependencies": {
          "AutoMapper": "9.0.0"
        }
      }
    }
  }
}