{
  "version": 1,
  "dependencies": {
    ".NETStandard,Version=v2.1": {
      "Microsoft.Extensions.Logging.Abstractions": {
        "type": "Direct",
        "requested": "[3.1.14, )",
        "resolved": "3.1.14",
        "contentHash": "pEKsBsD+nl4MHs8qnv/QiL3uwQMRZCVmeOmdt5NJwKO5ndNc/H9YD/9nmVvr3vlAtRcAj56HZMhNQ/NHbQTOSw=="
      },
      "simplesocial.common": {
        "type": "Project"
      }
    }
  }
}